{
  "originHash" : "885a4e33d4b16381c070801d8dc86de308e012a542d4168a816d2b374070bce0",
  "pins" : [
    {
      "identity" : "swift-collections",
      "kind" : "remoteSourceControl",
      "location" : "https://github.com/apple/swift-collections.git",
      "state" : {
        "revision" : "8c0c0a8b49e080e54e5e328cc552821ff07cd341",
        "version" : "1.2.1"
      }
    },
    {
      "identity" : "swiftsoup",
      "kind" : "remoteSourceControl",
      "location" : "https://github.com/scinfu/SwiftSoup",
      "state" : {
        "revision" : "04a5da442816f764b2a8513c38420b4e6605145b",
        "version" : "2.10.1"
      }
    }
  ],
  "version" : 3
}
